// !$*UTF8*$!
{
	archiveVersion = 1;
	classes = {
	};
	objectVersion = 55;
	objects = {

/* Begin PBXBuildFile section */
		5C02AF0A275F3266001808E3 /* AppDelegate.swift in Sources */ = {isa = PBXBuildFile; fileRef = 5C02AF09275F3266001808E3 /* AppDelegate.swift */; };
		5C02AF0C275F3266001808E3 /* Root.swift in Sources */ = {isa = PBXBuildFile; fileRef = 5C02AF0B275F3266001808E3 /* Root.swift */; };
		5C02AF0E275F3266001808E3 /* Experience.rcproject in Sources */ = {isa = PBXBuildFile; fileRef = 5C02AF0D275F3266001808E3 /* Experience.rcproject */; };
		5C02AF10275F3268001808E3 /* Assets.xcassets in Resources */ = {isa = PBXBuildFile; fileRef = 5C02AF0F275F3268001808E3 /* Assets.xcassets */; };
		5C02AF13275F3268001808E3 /* Preview Assets.xcassets in Resources */ = {isa = PBXBuildFile; fileRef = 5C02AF12275F3268001808E3 /* Preview Assets.xcassets */; };
		5C02AF1D275F3268001808E3 /* IATests.swift in Sources */ = {isa = PBXBuildFile; fileRef = 5C02AF1C275F3268001808E3 /* IATests.swift */; };
		5C02AF27275F3268001808E3 /* IAUITests.swift in Sources */ = {isa = PBXBuildFile; fileRef = 5C02AF26275F3268001808E3 /* IAUITests.swift */; };
		5C02AF29275F3268001808E3 /* IAUITestsLaunchTests.swift in Sources */ = {isa = PBXBuildFile; fileRef = 5C02AF28275F3268001808E3 /* IAUITestsLaunchTests.swift */; };
		5C02AF37275F343E001808E3 /* UserMedia.xcdatamodeld in Sources */ = {isa = PBXBuildFile; fileRef = 5C02AF35275F343E001808E3 /* UserMedia.xcdatamodeld */; };
		5C33C1D12760609600266CE0 /* LaunchScreen.swift in Sources */ = {isa = PBXBuildFile; fileRef = 5C33C1D02760609600266CE0 /* LaunchScreen.swift */; };
		5CBB2D182760D0DE00FBF46A /* LoginView.swift in Sources */ = {isa = PBXBuildFile; fileRef = 5CBB2D172760D0DE00FBF46A /* LoginView.swift */; };
		5CCA2BA327608EB500BE6017 /* ARView.swift in Sources */ = {isa = PBXBuildFile; fileRef = 5CCA2BA227608EB500BE6017 /* ARView.swift */; };
		5CCA2BA527608EC000BE6017 /* CameraView.swift in Sources */ = {isa = PBXBuildFile; fileRef = 5CCA2BA427608EC000BE6017 /* CameraView.swift */; };
		5CCA2BAE2760989E00BE6017 /* ThemeControl.swift in Sources */ = {isa = PBXBuildFile; fileRef = 5CCA2BAD2760989E00BE6017 /* ThemeControl.swift */; };
		5CCA2BB02760995700BE6017 /* ThemeProtocol.swift in Sources */ = {isa = PBXBuildFile; fileRef = 5CCA2BAF2760995700BE6017 /* ThemeProtocol.swift */; };
		5CCA2BB227609D8700BE6017 /* HomeView.swift in Sources */ = {isa = PBXBuildFile; fileRef = 5CCA2BB127609D8700BE6017 /* HomeView.swift */; };
		5CCA2BB42760A0CA00BE6017 /* Settings.swift in Sources */ = {isa = PBXBuildFile; fileRef = 5CCA2BB32760A0CA00BE6017 /* Settings.swift */; };
		5CD86737275F9D6B00C86911 /* NavigationSkeleton.swift in Sources */ = {isa = PBXBuildFile; fileRef = 5CD86736275F9D6B00C86911 /* NavigationSkeleton.swift */; };
		5CD8673D275FA0D800C86911 /* TabBarSkeleton.swift in Sources */ = {isa = PBXBuildFile; fileRef = 5CD8673C275FA0D800C86911 /* TabBarSkeleton.swift */; };
		5CD86744275FA16400C86911 /* Themes.swift in Sources */ = {isa = PBXBuildFile; fileRef = 5CD86743275FA16400C86911 /* Themes.swift */; };
		5CD86753275FB56F00C86911 /* UIColor.swift in Sources */ = {isa = PBXBuildFile; fileRef = 5CD86752275FB56F00C86911 /* UIColor.swift */; };
		5CE46E7D2760DFCE002927F4 /* TabBarProtocols.swift in Sources */ = {isa = PBXBuildFile; fileRef = 5CE46E7C2760DFCE002927F4 /* TabBarProtocols.swift */; };
		5CE46E7F2760DFEC002927F4 /* TabBarItems.swift in Sources */ = {isa = PBXBuildFile; fileRef = 5CE46E7E2760DFEC002927F4 /* TabBarItems.swift */; };
		5CE46E812760E007002927F4 /* TabBarControl.swift in Sources */ = {isa = PBXBuildFile; fileRef = 5CE46E802760E007002927F4 /* TabBarControl.swift */; };
/* End PBXBuildFile section */

/* Begin PBXContainerItemProxy section */
		5C02AF19275F3268001808E3 /* PBXContainerItemProxy */ = {
			isa = PBXContainerItemProxy;
			containerPortal = 5C02AEFE275F3265001808E3 /* Project object */;
			proxyType = 1;
			remoteGlobalIDString = 5C02AF05275F3266001808E3;
			remoteInfo = IA;
		};
		5C02AF23275F3268001808E3 /* PBXContainerItemProxy */ = {
			isa = PBXContainerItemProxy;
			containerPortal = 5C02AEFE275F3265001808E3 /* Project object */;
			proxyType = 1;
			remoteGlobalIDString = 5C02AF05275F3266001808E3;
			remoteInfo = IA;
		};
/* End PBXContainerItemProxy section */

/* Begin PBXFileReference section */
		5C02AF06275F3266001808E3 /* Polysense.app */ = {isa = PBXFileReference; explicitFileType = wrapper.application; includeInIndex = 0; path = Polysense.app; sourceTree = BUILT_PRODUCTS_DIR; };
		5C02AF09275F3266001808E3 /* AppDelegate.swift */ = {isa = PBXFileReference; lastKnownFileType = sourcecode.swift; path = AppDelegate.swift; sourceTree = "<group>"; };
		5C02AF0B275F3266001808E3 /* Root.swift */ = {isa = PBXFileReference; lastKnownFileType = sourcecode.swift; path = Root.swift; sourceTree = "<group>"; };
		5C02AF0D275F3266001808E3 /* Experience.rcproject */ = {isa = PBXFileReference; lastKnownFileType = file.rcproject; path = Experience.rcproject; sourceTree = "<group>"; };
		5C02AF0F275F3268001808E3 /* Assets.xcassets */ = {isa = PBXFileReference; lastKnownFileType = folder.assetcatalog; path = Assets.xcassets; sourceTree = "<group>"; };
		5C02AF12275F3268001808E3 /* Preview Assets.xcassets */ = {isa = PBXFileReference; lastKnownFileType = folder.assetcatalog; path = "Preview Assets.xcassets"; sourceTree = "<group>"; };
		5C02AF18275F3268001808E3 /* PolysenseTests.xctest */ = {isa = PBXFileReference; explicitFileType = wrapper.cfbundle; includeInIndex = 0; path = PolysenseTests.xctest; sourceTree = BUILT_PRODUCTS_DIR; };
		5C02AF1C275F3268001808E3 /* IATests.swift */ = {isa = PBXFileReference; lastKnownFileType = sourcecode.swift; path = IATests.swift; sourceTree = "<group>"; };
		5C02AF22275F3268001808E3 /* PolysenseUITests.xctest */ = {isa = PBXFileReference; explicitFileType = wrapper.cfbundle; includeInIndex = 0; path = PolysenseUITests.xctest; sourceTree = BUILT_PRODUCTS_DIR; };
		5C02AF26275F3268001808E3 /* IAUITests.swift */ = {isa = PBXFileReference; lastKnownFileType = sourcecode.swift; path = IAUITests.swift; sourceTree = "<group>"; };
		5C02AF28275F3268001808E3 /* IAUITestsLaunchTests.swift */ = {isa = PBXFileReference; lastKnownFileType = sourcecode.swift; path = IAUITestsLaunchTests.swift; sourceTree = "<group>"; };
		5C02AF36275F343E001808E3 /* UserMedia.xcdatamodel */ = {isa = PBXFileReference; lastKnownFileType = wrapper.xcdatamodel; path = UserMedia.xcdatamodel; sourceTree = "<group>"; };
		5C33C1D02760609600266CE0 /* LaunchScreen.swift */ = {isa = PBXFileReference; lastKnownFileType = sourcecode.swift; path = LaunchScreen.swift; sourceTree = "<group>"; };
		5CBB2D172760D0DE00FBF46A /* LoginView.swift */ = {isa = PBXFileReference; lastKnownFileType = sourcecode.swift; path = LoginView.swift; sourceTree = "<group>"; };
		5CCA2BA227608EB500BE6017 /* ARView.swift */ = {isa = PBXFileReference; lastKnownFileType = sourcecode.swift; path = ARView.swift; sourceTree = "<group>"; };
		5CCA2BA427608EC000BE6017 /* CameraView.swift */ = {isa = PBXFileReference; lastKnownFileType = sourcecode.swift; path = CameraView.swift; sourceTree = "<group>"; };
		5CCA2BAD2760989E00BE6017 /* ThemeControl.swift */ = {isa = PBXFileReference; lastKnownFileType = sourcecode.swift; path = ThemeControl.swift; sourceTree = "<group>"; };
		5CCA2BAF2760995700BE6017 /* ThemeProtocol.swift */ = {isa = PBXFileReference; lastKnownFileType = sourcecode.swift; path = ThemeProtocol.swift; sourceTree = "<group>"; };
		5CCA2BB127609D8700BE6017 /* HomeView.swift */ = {isa = PBXFileReference; lastKnownFileType = sourcecode.swift; path = HomeView.swift; sourceTree = "<group>"; };
		5CCA2BB32760A0CA00BE6017 /* Settings.swift */ = {isa = PBXFileReference; lastKnownFileType = sourcecode.swift; path = Settings.swift; sourceTree = "<group>"; };
		5CD86736275F9D6B00C86911 /* NavigationSkeleton.swift */ = {isa = PBXFileReference; lastKnownFileType = sourcecode.swift; path = NavigationSkeleton.swift; sourceTree = "<group>"; };
		5CD8673C275FA0D800C86911 /* TabBarSkeleton.swift */ = {isa = PBXFileReference; lastKnownFileType = sourcecode.swift; path = TabBarSkeleton.swift; sourceTree = "<group>"; };
		5CD86743275FA16400C86911 /* Themes.swift */ = {isa = PBXFileReference; lastKnownFileType = sourcecode.swift; path = Themes.swift; sourceTree = "<group>"; };
		5CD86752275FB56F00C86911 /* UIColor.swift */ = {isa = PBXFileReference; lastKnownFileType = sourcecode.swift; path = UIColor.swift; sourceTree = "<group>"; };
		5CE46E7C2760DFCE002927F4 /* TabBarProtocols.swift */ = {isa = PBXFileReference; lastKnownFileType = sourcecode.swift; path = TabBarProtocols.swift; sourceTree = "<group>"; };
		5CE46E7E2760DFEC002927F4 /* TabBarItems.swift */ = {isa = PBXFileReference; lastKnownFileType = sourcecode.swift; path = TabBarItems.swift; sourceTree = "<group>"; };
		5CE46E802760E007002927F4 /* TabBarControl.swift */ = {isa = PBXFileReference; lastKnownFileType = sourcecode.swift; path = TabBarControl.swift; sourceTree = "<group>"; };
/* End PBXFileReference section */

/* Begin PBXFrameworksBuildPhase section */
		5C02AF03275F3266001808E3 /* Frameworks */ = {
			isa = PBXFrameworksBuildPhase;
			buildActionMask = 2147483647;
			files = (
			);
			runOnlyForDeploymentPostprocessing = 0;
		};
		5C02AF15275F3268001808E3 /* Frameworks */ = {
			isa = PBXFrameworksBuildPhase;
			buildActionMask = 2147483647;
			files = (
			);
			runOnlyForDeploymentPostprocessing = 0;
		};
		5C02AF1F275F3268001808E3 /* Frameworks */ = {
			isa = PBXFrameworksBuildPhase;
			buildActionMask = 2147483647;
			files = (
			);
			runOnlyForDeploymentPostprocessing = 0;
		};
/* End PBXFrameworksBuildPhase section */

/* Begin PBXGroup section */
		5C02AEFD275F3265001808E3 = {
			isa = PBXGroup;
			children = (
				5C02AF08275F3266001808E3 /* Polysense */,
				5C02AF07275F3266001808E3 /* Products */,
			);
			sourceTree = "<group>";
		};
		5C02AF07275F3266001808E3 /* Products */ = {
			isa = PBXGroup;
			children = (
				5C02AF06275F3266001808E3 /* Polysense.app */,
				5C02AF18275F3268001808E3 /* PolysenseTests.xctest */,
				5C02AF22275F3268001808E3 /* PolysenseUITests.xctest */,
			);
			name = Products;
			sourceTree = "<group>";
		};
		5C02AF08275F3266001808E3 /* Polysense */ = {
			isa = PBXGroup;
			children = (
				5C02AF09275F3266001808E3 /* AppDelegate.swift */,
				5CD8674E275FA78800C86911 /* Launch */,
				5CD86746275FA5EC00C86911 /* Root */,
				5CD86747275FA5F200C86911 /* Controllers */,
				5CD8674D275FA75400C86911 /* Models */,
				5CD86741275FA13000C86911 /* Extensions */,
				5CD8673B275FA09F00C86911 /* Wrappers */,
				5CD8674C275FA72E00C86911 /* Algorithms */,
				5CD8674A275FA61700C86911 /* AR */,
				5CD86749275FA5FE00C86911 /* ML */,
				5CD8674B275FA70700C86911 /* Data */,
				5CD86751275FAB4700C86911 /* Externals */,
				5C02AF0F275F3268001808E3 /* Assets.xcassets */,
				5C02AF11275F3268001808E3 /* Preview Content */,
				5C33C1CF2760602F00266CE0 /* Tests */,
			);
			path = Polysense;
			sourceTree = "<group>";
		};
		5C02AF11275F3268001808E3 /* Preview Content */ = {
			isa = PBXGroup;
			children = (
				5C02AF12275F3268001808E3 /* Preview Assets.xcassets */,
			);
			path = "Preview Content";
			sourceTree = "<group>";
		};
		5C02AF1B275F3268001808E3 /* PolysenseTests */ = {
			isa = PBXGroup;
			children = (
				5C02AF1C275F3268001808E3 /* IATests.swift */,
			);
			path = PolysenseTests;
			sourceTree = "<group>";
		};
		5C02AF25275F3268001808E3 /* PolysenseUITests */ = {
			isa = PBXGroup;
			children = (
				5C02AF26275F3268001808E3 /* IAUITests.swift */,
				5C02AF28275F3268001808E3 /* IAUITestsLaunchTests.swift */,
			);
			path = PolysenseUITests;
			sourceTree = "<group>";
		};
		5C33C1CF2760602F00266CE0 /* Tests */ = {
			isa = PBXGroup;
			children = (
				5C02AF25275F3268001808E3 /* PolysenseUITests */,
				5C02AF1B275F3268001808E3 /* PolysenseTests */,
			);
			path = Tests;
			sourceTree = "<group>";
		};
		5CBB2D1A2760D22300FBF46A /* Login */ = {
			isa = PBXGroup;
			children = (
				5CBB2D172760D0DE00FBF46A /* LoginView.swift */,
			);
			path = Login;
			sourceTree = "<group>";
		};
		5CCA2BA6276092F300BE6017 /* ModelPreviews */ = {
			isa = PBXGroup;
			children = (
				5CCA2BA227608EB500BE6017 /* ARView.swift */,
			);
			path = ModelPreviews;
			sourceTree = "<group>";
		};
		5CCA2BA7276092FF00BE6017 /* Camera */ = {
			isa = PBXGroup;
			children = (
				5CCA2BA427608EC000BE6017 /* CameraView.swift */,
			);
			path = Camera;
			sourceTree = "<group>";
		};
		5CCA2BA82760930800BE6017 /* Home */ = {
			isa = PBXGroup;
			children = (
				5CCA2BB127609D8700BE6017 /* HomeView.swift */,
			);
			path = Home;
			sourceTree = "<group>";
		};
		5CCA2BA92760930E00BE6017 /* Search */ = {
			isa = PBXGroup;
			children = (
				5CCA2BAB2760932100BE6017 /* Cloud */,
				5CCA2BAA2760931D00BE6017 /* Local */,
			);
			path = Search;
			sourceTree = "<group>";
		};
		5CCA2BAA2760931D00BE6017 /* Local */ = {
			isa = PBXGroup;
			children = (
			);
			path = Local;
			sourceTree = "<group>";
		};
		5CCA2BAB2760932100BE6017 /* Cloud */ = {
			isa = PBXGroup;
			children = (
			);
			path = Cloud;
			sourceTree = "<group>";
		};
		5CCA2BAC2760987200BE6017 /* Themes */ = {
			isa = PBXGroup;
			children = (
				5CCA2BAF2760995700BE6017 /* ThemeProtocol.swift */,
				5CD86743275FA16400C86911 /* Themes.swift */,
				5CCA2BAD2760989E00BE6017 /* ThemeControl.swift */,
			);
			path = Themes;
			sourceTree = "<group>";
		};
		5CD86738275FA07400C86911 /* TabBarWrapper */ = {
			isa = PBXGroup;
			children = (
				5CE46E7C2760DFCE002927F4 /* TabBarProtocols.swift */,
				5CE46E7E2760DFEC002927F4 /* TabBarItems.swift */,
				5CE46E802760E007002927F4 /* TabBarControl.swift */,
				5CD8673C275FA0D800C86911 /* TabBarSkeleton.swift */,
			);
			path = TabBarWrapper;
			sourceTree = "<group>";
		};
		5CD8673A275FA08500C86911 /* NavigationWrapper */ = {
			isa = PBXGroup;
			children = (
				5CD86736275F9D6B00C86911 /* NavigationSkeleton.swift */,
			);
			path = NavigationWrapper;
			sourceTree = "<group>";
		};
		5CD8673B275FA09F00C86911 /* Wrappers */ = {
			isa = PBXGroup;
			children = (
				5CD8673A275FA08500C86911 /* NavigationWrapper */,
				5CD86738275FA07400C86911 /* TabBarWrapper */,
			);
			path = Wrappers;
			sourceTree = "<group>";
		};
		5CD8673E275FA0FC00C86911 /* DataPersistence */ = {
			isa = PBXGroup;
			children = (
				5CD86740275FA12000C86911 /* Firebase */,
				5CD8673F275FA11100C86911 /* CoreData */,
			);
			path = DataPersistence;
			sourceTree = "<group>";
		};
		5CD8673F275FA11100C86911 /* CoreData */ = {
			isa = PBXGroup;
			children = (
				5C02AF35275F343E001808E3 /* UserMedia.xcdatamodeld */,
			);
			path = CoreData;
			sourceTree = "<group>";
		};
		5CD86740275FA12000C86911 /* Firebase */ = {
			isa = PBXGroup;
			children = (
			);
			path = Firebase;
			sourceTree = "<group>";
		};
		5CD86741275FA13000C86911 /* Extensions */ = {
			isa = PBXGroup;
			children = (
				5CD86752275FB56F00C86911 /* UIColor.swift */,
			);
			path = Extensions;
			sourceTree = "<group>";
		};
		5CD86742275FA15500C86911 /* Defaults */ = {
			isa = PBXGroup;
			children = (
				5CCA2BB32760A0CA00BE6017 /* Settings.swift */,
				5CCA2BAC2760987200BE6017 /* Themes */,
			);
			path = Defaults;
			sourceTree = "<group>";
		};
		5CD86745275FA1B700C86911 /* DataSharing */ = {
			isa = PBXGroup;
			children = (
			);
			path = DataSharing;
			sourceTree = "<group>";
		};
		5CD86746275FA5EC00C86911 /* Root */ = {
			isa = PBXGroup;
			children = (
				5C02AF0B275F3266001808E3 /* Root.swift */,
				5CD86748275FA5F700C86911 /* Views */,
				5CE46E7B2760DAFB002927F4 /* ViewComponents */,
			);
			path = Root;
			sourceTree = "<group>";
		};
		5CD86747275FA5F200C86911 /* Controllers */ = {
			isa = PBXGroup;
			children = (
			);
			path = Controllers;
			sourceTree = "<group>";
		};
		5CD86748275FA5F700C86911 /* Views */ = {
			isa = PBXGroup;
			children = (
				5CBB2D1A2760D22300FBF46A /* Login */,
				5CCA2BA82760930800BE6017 /* Home */,
				5CCA2BA92760930E00BE6017 /* Search */,
				5CCA2BA7276092FF00BE6017 /* Camera */,
				5CCA2BA6276092F300BE6017 /* ModelPreviews */,
			);
			path = Views;
			sourceTree = "<group>";
		};
		5CD86749275FA5FE00C86911 /* ML */ = {
			isa = PBXGroup;
			children = (
			);
			path = ML;
			sourceTree = "<group>";
		};
		5CD8674A275FA61700C86911 /* AR */ = {
			isa = PBXGroup;
			children = (
				5C02AF0D275F3266001808E3 /* Experience.rcproject */,
			);
			path = AR;
			sourceTree = "<group>";
		};
		5CD8674B275FA70700C86911 /* Data */ = {
			isa = PBXGroup;
			children = (
				5CD8673E275FA0FC00C86911 /* DataPersistence */,
				5CD86745275FA1B700C86911 /* DataSharing */,
			);
			path = Data;
			sourceTree = "<group>";
		};
		5CD8674C275FA72E00C86911 /* Algorithms */ = {
			isa = PBXGroup;
			children = (
			);
			path = Algorithms;
			sourceTree = "<group>";
		};
		5CD8674D275FA75400C86911 /* Models */ = {
			isa = PBXGroup;
			children = (
				5CD86750275FAAC600C86911 /* ViewModels */,
				5CD86742275FA15500C86911 /* Defaults */,
			);
			path = Models;
			sourceTree = "<group>";
		};
		5CD8674E275FA78800C86911 /* Launch */ = {
			isa = PBXGroup;
			children = (
				5C33C1D02760609600266CE0 /* LaunchScreen.swift */,
			);
			path = Launch;
			sourceTree = "<group>";
		};
		5CD86750275FAAC600C86911 /* ViewModels */ = {
			isa = PBXGroup;
			children = (
			);
			path = ViewModels;
			sourceTree = "<group>";
		};
		5CD86751275FAB4700C86911 /* Externals */ = {
			isa = PBXGroup;
			children = (
			);
			path = Externals;
			sourceTree = "<group>";
		};
		5CE46E7B2760DAFB002927F4 /* ViewComponents */ = {
			isa = PBXGroup;
			children = (
			);
			path = ViewComponents;
			sourceTree = "<group>";
		};
/* End PBXGroup section */

/* Begin PBXNativeTarget section */
		5C02AF05275F3266001808E3 /* Polysense */ = {
			isa = PBXNativeTarget;
			buildConfigurationList = 5C02AF2C275F3268001808E3 /* Build configuration list for PBXNativeTarget "Polysense" */;
			buildPhases = (
				5C02AF02275F3266001808E3 /* Sources */,
				5C02AF03275F3266001808E3 /* Frameworks */,
				5C02AF04275F3266001808E3 /* Resources */,
			);
			buildRules = (
			);
			dependencies = (
			);
			name = Polysense;
			productName = IA;
			productReference = 5C02AF06275F3266001808E3 /* Polysense.app */;
			productType = "com.apple.product-type.application";
		};
		5C02AF17275F3268001808E3 /* PolysenseTests */ = {
			isa = PBXNativeTarget;
			buildConfigurationList = 5C02AF2F275F3268001808E3 /* Build configuration list for PBXNativeTarget "PolysenseTests" */;
			buildPhases = (
				5C02AF14275F3268001808E3 /* Sources */,
				5C02AF15275F3268001808E3 /* Frameworks */,
				5C02AF16275F3268001808E3 /* Resources */,
			);
			buildRules = (
			);
			dependencies = (
				5C02AF1A275F3268001808E3 /* PBXTargetDependency */,
			);
			name = PolysenseTests;
			productName = IATests;
			productReference = 5C02AF18275F3268001808E3 /* PolysenseTests.xctest */;
			productType = "com.apple.product-type.bundle.unit-test";
		};
		5C02AF21275F3268001808E3 /* PolysenseUITests */ = {
			isa = PBXNativeTarget;
			buildConfigurationList = 5C02AF32275F3268001808E3 /* Build configuration list for PBXNativeTarget "PolysenseUITests" */;
			buildPhases = (
				5C02AF1E275F3268001808E3 /* Sources */,
				5C02AF1F275F3268001808E3 /* Frameworks */,
				5C02AF20275F3268001808E3 /* Resources */,
			);
			buildRules = (
			);
			dependencies = (
				5C02AF24275F3268001808E3 /* PBXTargetDependency */,
			);
			name = PolysenseUITests;
			productName = IAUITests;
			productReference = 5C02AF22275F3268001808E3 /* PolysenseUITests.xctest */;
			productType = "com.apple.product-type.bundle.ui-testing";
		};
/* End PBXNativeTarget section */

/* Begin PBXProject section */
		5C02AEFE275F3265001808E3 /* Project object */ = {
			isa = PBXProject;
			attributes = {
				BuildIndependentTargetsInParallel = 1;
				LastSwiftUpdateCheck = 1320;
				LastUpgradeCheck = 1320;
				TargetAttributes = {
					5C02AF05275F3266001808E3 = {
						CreatedOnToolsVersion = 13.2;
					};
					5C02AF17275F3268001808E3 = {
						CreatedOnToolsVersion = 13.2;
						TestTargetID = 5C02AF05275F3266001808E3;
					};
					5C02AF21275F3268001808E3 = {
						CreatedOnToolsVersion = 13.2;
						TestTargetID = 5C02AF05275F3266001808E3;
					};
				};
			};
			buildConfigurationList = 5C02AF01275F3265001808E3 /* Build configuration list for PBXProject "Polysense" */;
			compatibilityVersion = "Xcode 13.0";
			developmentRegion = en;
			hasScannedForEncodings = 0;
			knownRegions = (
				en,
				Base,
			);
			mainGroup = 5C02AEFD275F3265001808E3;
			productRefGroup = 5C02AF07275F3266001808E3 /* Products */;
			projectDirPath = "";
			projectRoot = "";
			targets = (
				5C02AF05275F3266001808E3 /* Polysense */,
				5C02AF17275F3268001808E3 /* PolysenseTests */,
				5C02AF21275F3268001808E3 /* PolysenseUITests */,
			);
		};
/* End PBXProject section */

/* Begin PBXResourcesBuildPhase section */
		5C02AF04275F3266001808E3 /* Resources */ = {
			isa = PBXResourcesBuildPhase;
			buildActionMask = 2147483647;
			files = (
				5C02AF13275F3268001808E3 /* Preview Assets.xcassets in Resources */,
				5C02AF10275F3268001808E3 /* Assets.xcassets in Resources */,
			);
			runOnlyForDeploymentPostprocessing = 0;
		};
		5C02AF16275F3268001808E3 /* Resources */ = {
			isa = PBXResourcesBuildPhase;
			buildActionMask = 2147483647;
			files = (
			);
			runOnlyForDeploymentPostprocessing = 0;
		};
		5C02AF20275F3268001808E3 /* Resources */ = {
			isa = PBXResourcesBuildPhase;
			buildActionMask = 2147483647;
			files = (
			);
			runOnlyForDeploymentPostprocessing = 0;
		};
/* End PBXResourcesBuildPhase section */

/* Begin PBXSourcesBuildPhase section */
		5C02AF02275F3266001808E3 /* Sources */ = {
			isa = PBXSourcesBuildPhase;
			buildActionMask = 2147483647;
			files = (
				5CD86744275FA16400C86911 /* Themes.swift in Sources */,
				5C02AF0C275F3266001808E3 /* Root.swift in Sources */,
				5C33C1D12760609600266CE0 /* LaunchScreen.swift in Sources */,
				5C02AF37275F343E001808E3 /* UserMedia.xcdatamodeld in Sources */,
				5CCA2BB227609D8700BE6017 /* HomeView.swift in Sources */,
				5CCA2BAE2760989E00BE6017 /* ThemeControl.swift in Sources */,
				5CD86737275F9D6B00C86911 /* NavigationSkeleton.swift in Sources */,
				5CCA2BA327608EB500BE6017 /* ARView.swift in Sources */,
				5CE46E7F2760DFEC002927F4 /* TabBarItems.swift in Sources */,
				5C02AF0A275F3266001808E3 /* AppDelegate.swift in Sources */,
				5CCA2BB42760A0CA00BE6017 /* Settings.swift in Sources */,
				5CCA2BA527608EC000BE6017 /* CameraView.swift in Sources */,
				5CD86753275FB56F00C86911 /* UIColor.swift in Sources */,
				5CD8673D275FA0D800C86911 /* TabBarSkeleton.swift in Sources */,
				5CE46E7D2760DFCE002927F4 /* TabBarProtocols.swift in Sources */,
				5C02AF0E275F3266001808E3 /* Experience.rcproject in Sources */,
				5CBB2D182760D0DE00FBF46A /* LoginView.swift in Sources */,
				5CE46E812760E007002927F4 /* TabBarControl.swift in Sources */,
				5CCA2BB02760995700BE6017 /* ThemeProtocol.swift in Sources */,
			);
			runOnlyForDeploymentPostprocessing = 0;
		};
		5C02AF14275F3268001808E3 /* Sources */ = {
			isa = PBXSourcesBuildPhase;
			buildActionMask = 2147483647;
			files = (
				5C02AF1D275F3268001808E3 /* IATests.swift in Sources */,
			);
			runOnlyForDeploymentPostprocessing = 0;
		};
		5C02AF1E275F3268001808E3 /* Sources */ = {
			isa = PBXSourcesBuildPhase;
			buildActionMask = 2147483647;
			files = (
				5C02AF29275F3268001808E3 /* IAUITestsLaunchTests.swift in Sources */,
				5C02AF27275F3268001808E3 /* IAUITests.swift in Sources */,
			);
			runOnlyForDeploymentPostprocessing = 0;
		};
/* End PBXSourcesBuildPhase section */

/* Begin PBXTargetDependency section */
		5C02AF1A275F3268001808E3 /* PBXTargetDependency */ = {
			isa = PBXTargetDependency;
			target = 5C02AF05275F3266001808E3 /* Polysense */;
			targetProxy = 5C02AF19275F3268001808E3 /* PBXContainerItemProxy */;
		};
		5C02AF24275F3268001808E3 /* PBXTargetDependency */ = {
			isa = PBXTargetDependency;
			target = 5C02AF05275F3266001808E3 /* Polysense */;
			targetProxy = 5C02AF23275F3268001808E3 /* PBXContainerItemProxy */;
		};
/* End PBXTargetDependency section */

/* Begin XCBuildConfiguration section */
		5C02AF2A275F3268001808E3 /* Debug */ = {
			isa = XCBuildConfiguration;
			buildSettings = {
				ALWAYS_SEARCH_USER_PATHS = NO;
				CLANG_ANALYZER_NONNULL = YES;
				CLANG_ANALYZER_NUMBER_OBJECT_CONVERSION = YES_AGGRESSIVE;
				CLANG_CXX_LANGUAGE_STANDARD = "gnu++17";
				CLANG_CXX_LIBRARY = "libc++";
				CLANG_ENABLE_MODULES = YES;
				CLANG_ENABLE_OBJC_ARC = YES;
				CLANG_ENABLE_OBJC_WEAK = YES;
				CLANG_WARN_BLOCK_CAPTURE_AUTORELEASING = YES;
				CLANG_WARN_BOOL_CONVERSION = YES;
				CLANG_WARN_COMMA = YES;
				CLANG_WARN_CONSTANT_CONVERSION = YES;
				CLANG_WARN_DEPRECATED_OBJC_IMPLEMENTATIONS = YES;
				CLANG_WARN_DIRECT_OBJC_ISA_USAGE = YES_ERROR;
				CLANG_WARN_DOCUMENTATION_COMMENTS = YES;
				CLANG_WARN_EMPTY_BODY = YES;
				CLANG_WARN_ENUM_CONVERSION = YES;
				CLANG_WARN_INFINITE_RECURSION = YES;
				CLANG_WARN_INT_CONVERSION = YES;
				CLANG_WARN_NON_LITERAL_NULL_CONVERSION = YES;
				CLANG_WARN_OBJC_IMPLICIT_RETAIN_SELF = YES;
				CLANG_WARN_OBJC_LITERAL_CONVERSION = YES;
				CLANG_WARN_OBJC_ROOT_CLASS = YES_ERROR;
				CLANG_WARN_QUOTED_INCLUDE_IN_FRAMEWORK_HEADER = YES;
				CLANG_WARN_RANGE_LOOP_ANALYSIS = YES;
				CLANG_WARN_STRICT_PROTOTYPES = YES;
				CLANG_WARN_SUSPICIOUS_MOVE = YES;
				CLANG_WARN_UNGUARDED_AVAILABILITY = YES_AGGRESSIVE;
				CLANG_WARN_UNREACHABLE_CODE = YES;
				CLANG_WARN__DUPLICATE_METHOD_MATCH = YES;
				COPY_PHASE_STRIP = NO;
				DEBUG_INFORMATION_FORMAT = dwarf;
				ENABLE_STRICT_OBJC_MSGSEND = YES;
				ENABLE_TESTABILITY = YES;
				GCC_C_LANGUAGE_STANDARD = gnu11;
				GCC_DYNAMIC_NO_PIC = NO;
				GCC_NO_COMMON_BLOCKS = YES;
				GCC_OPTIMIZATION_LEVEL = 0;
				GCC_PREPROCESSOR_DEFINITIONS = (
					"DEBUG=1",
					"$(inherited)",
				);
				GCC_WARN_64_TO_32_BIT_CONVERSION = YES;
				GCC_WARN_ABOUT_RETURN_TYPE = YES_ERROR;
				GCC_WARN_UNDECLARED_SELECTOR = YES;
				GCC_WARN_UNINITIALIZED_AUTOS = YES_AGGRESSIVE;
				GCC_WARN_UNUSED_FUNCTION = YES;
				GCC_WARN_UNUSED_VARIABLE = YES;
				IPHONEOS_DEPLOYMENT_TARGET = 15.2;
				MTL_ENABLE_DEBUG_INFO = INCLUDE_SOURCE;
				MTL_FAST_MATH = YES;
				ONLY_ACTIVE_ARCH = YES;
				SDKROOT = iphoneos;
				SWIFT_ACTIVE_COMPILATION_CONDITIONS = DEBUG;
				SWIFT_OPTIMIZATION_LEVEL = "-Onone";
			};
			name = Debug;
		};
		5C02AF2B275F3268001808E3 /* Release */ = {
			isa = XCBuildConfiguration;
			buildSettings = {
				ALWAYS_SEARCH_USER_PATHS = NO;
				CLANG_ANALYZER_NONNULL = YES;
				CLANG_ANALYZER_NUMBER_OBJECT_CONVERSION = YES_AGGRESSIVE;
				CLANG_CXX_LANGUAGE_STANDARD = "gnu++17";
				CLANG_CXX_LIBRARY = "libc++";
				CLANG_ENABLE_MODULES = YES;
				CLANG_ENABLE_OBJC_ARC = YES;
				CLANG_ENABLE_OBJC_WEAK = YES;
				CLANG_WARN_BLOCK_CAPTURE_AUTORELEASING = YES;
				CLANG_WARN_BOOL_CONVERSION = YES;
				CLANG_WARN_COMMA = YES;
				CLANG_WARN_CONSTANT_CONVERSION = YES;
				CLANG_WARN_DEPRECATED_OBJC_IMPLEMENTATIONS = YES;
				CLANG_WARN_DIRECT_OBJC_ISA_USAGE = YES_ERROR;
				CLANG_WARN_DOCUMENTATION_COMMENTS = YES;
				CLANG_WARN_EMPTY_BODY = YES;
				CLANG_WARN_ENUM_CONVERSION = YES;
				CLANG_WARN_INFINITE_RECURSION = YES;
				CLANG_WARN_INT_CONVERSION = YES;
				CLANG_WARN_NON_LITERAL_NULL_CONVERSION = YES;
				CLANG_WARN_OBJC_IMPLICIT_RETAIN_SELF = YES;
				CLANG_WARN_OBJC_LITERAL_CONVERSION = YES;
				CLANG_WARN_OBJC_ROOT_CLASS = YES_ERROR;
				CLANG_WARN_QUOTED_INCLUDE_IN_FRAMEWORK_HEADER = YES;
				CLANG_WARN_RANGE_LOOP_ANALYSIS = YES;
				CLANG_WARN_STRICT_PROTOTYPES = YES;
				CLANG_WARN_SUSPICIOUS_MOVE = YES;
				CLANG_WARN_UNGUARDED_AVAILABILITY = YES_AGGRESSIVE;
				CLANG_WARN_UNREACHABLE_CODE = YES;
				CLANG_WARN__DUPLICATE_METHOD_MATCH = YES;
				COPY_PHASE_STRIP = NO;
				DEBUG_INFORMATION_FORMAT = "dwarf-with-dsym";
				ENABLE_NS_ASSERTIONS = NO;
				ENABLE_STRICT_OBJC_MSGSEND = YES;
				GCC_C_LANGUAGE_STANDARD = gnu11;
				GCC_NO_COMMON_BLOCKS = YES;
				GCC_WARN_64_TO_32_BIT_CONVERSION = YES;
				GCC_WARN_ABOUT_RETURN_TYPE = YES_ERROR;
				GCC_WARN_UNDECLARED_SELECTOR = YES;
				GCC_WARN_UNINITIALIZED_AUTOS = YES_AGGRESSIVE;
				GCC_WARN_UNUSED_FUNCTION = YES;
				GCC_WARN_UNUSED_VARIABLE = YES;
				IPHONEOS_DEPLOYMENT_TARGET = 15.2;
				MTL_ENABLE_DEBUG_INFO = NO;
				MTL_FAST_MATH = YES;
				SDKROOT = iphoneos;
				SWIFT_COMPILATION_MODE = wholemodule;
				SWIFT_OPTIMIZATION_LEVEL = "-O";
				VALIDATE_PRODUCT = YES;
			};
			name = Release;
		};
		5C02AF2D275F3268001808E3 /* Debug */ = {
			isa = XCBuildConfiguration;
			buildSettings = {
				ASSETCATALOG_COMPILER_APPICON_NAME = AppIcon;
				ASSETCATALOG_COMPILER_GLOBAL_ACCENT_COLOR_NAME = AccentColor;
				CODE_SIGN_STYLE = Automatic;
				CURRENT_PROJECT_VERSION = 1;
				DEVELOPMENT_ASSET_PATHS = "\"IA/Preview Content\"";
				DEVELOPMENT_TEAM = TB673Q64S9;
				ENABLE_PREVIEWS = YES;
				GENERATE_INFOPLIST_FILE = YES;
				INFOPLIST_KEY_NSCameraUsageDescription = "";
				INFOPLIST_KEY_UIApplicationSupportsIndirectInputEvents = YES;
				INFOPLIST_KEY_UILaunchScreen_Generation = YES;
				INFOPLIST_KEY_UIRequiredDeviceCapabilities = arkit;
				INFOPLIST_KEY_UIStatusBarHidden = YES;
				INFOPLIST_KEY_UISupportedInterfaceOrientations_iPad = "UIInterfaceOrientationPortrait UIInterfaceOrientationPortraitUpsideDown UIInterfaceOrientationLandscapeLeft UIInterfaceOrientationLandscapeRight";
				INFOPLIST_KEY_UISupportedInterfaceOrientations_iPhone = "UIInterfaceOrientationPortrait UIInterfaceOrientationLandscapeLeft UIInterfaceOrientationLandscapeRight";
				LD_RUNPATH_SEARCH_PATHS = (
					"$(inherited)",
					"@executable_path/Frameworks",
				);
				MARKETING_VERSION = 1.0;
				NEW_SETTING = "";
				PRODUCT_BUNDLE_IDENTIFIER = com.jacob.vaccineProject.IA;
				PRODUCT_NAME = "$(TARGET_NAME)";
				SWIFT_EMIT_LOC_STRINGS = YES;
				SWIFT_VERSION = 5.0;
				TARGETED_DEVICE_FAMILY = "1,2";
			};
			name = Debug;
		};
		5C02AF2E275F3268001808E3 /* Release */ = {
			isa = XCBuildConfiguration;
			buildSettings = {
				ASSETCATALOG_COMPILER_APPICON_NAME = AppIcon;
				ASSETCATALOG_COMPILER_GLOBAL_ACCENT_COLOR_NAME = AccentColor;
				CODE_SIGN_STYLE = Automatic;
				CURRENT_PROJECT_VERSION = 1;
				DEVELOPMENT_ASSET_PATHS = "\"IA/Preview Content\"";
				DEVELOPMENT_TEAM = TB673Q64S9;
				ENABLE_PREVIEWS = YES;
				GENERATE_INFOPLIST_FILE = YES;
				INFOPLIST_KEY_NSCameraUsageDescription = "";
				INFOPLIST_KEY_UIApplicationSupportsIndirectInputEvents = YES;
				INFOPLIST_KEY_UILaunchScreen_Generation = YES;
				INFOPLIST_KEY_UIRequiredDeviceCapabilities = arkit;
				INFOPLIST_KEY_UIStatusBarHidden = YES;
				INFOPLIST_KEY_UISupportedInterfaceOrientations_iPad = "UIInterfaceOrientationPortrait UIInterfaceOrientationPortraitUpsideDown UIInterfaceOrientationLandscapeLeft UIInterfaceOrientationLandscapeRight";
				INFOPLIST_KEY_UISupportedInterfaceOrientations_iPhone = "UIInterfaceOrientationPortrait UIInterfaceOrientationLandscapeLeft UIInterfaceOrientationLandscapeRight";
				LD_RUNPATH_SEARCH_PATHS = (
					"$(inherited)",
					"@executable_path/Frameworks",
				);
				MARKETING_VERSION = 1.0;
				NEW_SETTING = "";
				PRODUCT_BUNDLE_IDENTIFIER = com.jacob.vaccineProject.IA;
				PRODUCT_NAME = "$(TARGET_NAME)";
				SWIFT_EMIT_LOC_STRINGS = YES;
				SWIFT_VERSION = 5.0;
				TARGETED_DEVICE_FAMILY = "1,2";
			};
			name = Release;
		};
		5C02AF30275F3268001808E3 /* Debug */ = {
			isa = XCBuildConfiguration;
			buildSettings = {
				ALWAYS_EMBED_SWIFT_STANDARD_LIBRARIES = YES;
				BUNDLE_LOADER = "$(TEST_HOST)";
				CODE_SIGN_STYLE = Automatic;
				CURRENT_PROJECT_VERSION = 1;
				DEVELOPMENT_TEAM = TB673Q64S9;
				GENERATE_INFOPLIST_FILE = YES;
				IPHONEOS_DEPLOYMENT_TARGET = 15.2;
				MARKETING_VERSION = 1.0;
				PRODUCT_BUNDLE_IDENTIFIER = com.jacob.vaccineProject.IATests;
				PRODUCT_NAME = "$(TARGET_NAME)";
				SWIFT_EMIT_LOC_STRINGS = NO;
				SWIFT_VERSION = 5.0;
				TARGETED_DEVICE_FAMILY = "1,2";
				TEST_HOST = "$(BUILT_PRODUCTS_DIR)/Polysense.app/Polysense";
			};
			name = Debug;
		};
		5C02AF31275F3268001808E3 /* Release */ = {
			isa = XCBuildConfiguration;
			buildSettings = {
				ALWAYS_EMBED_SWIFT_STANDARD_LIBRARIES = YES;
				BUNDLE_LOADER = "$(TEST_HOST)";
				CODE_SIGN_STYLE = Automatic;
				CURRENT_PROJECT_VERSION = 1;
				DEVELOPMENT_TEAM = TB673Q64S9;
				GENERATE_INFOPLIST_FILE = YES;
				IPHONEOS_DEPLOYMENT_TARGET = 15.2;
				MARKETING_VERSION = 1.0;
				PRODUCT_BUNDLE_IDENTIFIER = com.jacob.vaccineProject.IATests;
				PRODUCT_NAME = "$(TARGET_NAME)";
				SWIFT_EMIT_LOC_STRINGS = NO;
				SWIFT_VERSION = 5.0;
				TARGETED_DEVICE_FAMILY = "1,2";
				TEST_HOST = "$(BUILT_PRODUCTS_DIR)/Polysense.app/Polysense";
			};
			name = Release;
		};
		5C02AF33275F3268001808E3 /* Debug */ = {
			isa = XCBuildConfiguration;
			buildSettings = {
				ALWAYS_EMBED_SWIFT_STANDARD_LIBRARIES = YES;
				CODE_SIGN_STYLE = Automatic;
				CURRENT_PROJECT_VERSION = 1;
				DEVELOPMENT_TEAM = TB673Q64S9;
				GENERATE_INFOPLIST_FILE = YES;
				MARKETING_VERSION = 1.0;
				PRODUCT_BUNDLE_IDENTIFIER = com.jacob.vaccineProject.IAUITests;
				PRODUCT_NAME = "$(TARGET_NAME)";
				SWIFT_EMIT_LOC_STRINGS = NO;
				SWIFT_VERSION = 5.0;
				TARGETED_DEVICE_FAMILY = "1,2";
				TEST_TARGET_NAME = IA;
			};
			name = Debug;
		};
		5C02AF34275F3268001808E3 /* Release */ = {
			isa = XCBuildConfiguration;
			buildSettings = {
				ALWAYS_EMBED_SWIFT_STANDARD_LIBRARIES = YES;
				CODE_SIGN_STYLE = Automatic;
				CURRENT_PROJECT_VERSION = 1;
				DEVELOPMENT_TEAM = TB673Q64S9;
				GENERATE_INFOPLIST_FILE = YES;
				MARKETING_VERSION = 1.0;
				PRODUCT_BUNDLE_IDENTIFIER = com.jacob.vaccineProject.IAUITests;
				PRODUCT_NAME = "$(TARGET_NAME)";
				SWIFT_EMIT_LOC_STRINGS = NO;
				SWIFT_VERSION = 5.0;
				TARGETED_DEVICE_FAMILY = "1,2";
				TEST_TARGET_NAME = IA;
			};
			name = Release;
		};
/* End XCBuildConfiguration section */

/* Begin XCConfigurationList section */
		5C02AF01275F3265001808E3 /* Build configuration list for PBXProject "Polysense" */ = {
			isa = XCConfigurationList;
			buildConfigurations = (
				5C02AF2A275F3268001808E3 /* Debug */,
				5C02AF2B275F3268001808E3 /* Release */,
			);
			defaultConfigurationIsVisible = 0;
			defaultConfigurationName = Release;
		};
		5C02AF2C275F3268001808E3 /* Build configuration list for PBXNativeTarget "Polysense" */ = {
			isa = XCConfigurationList;
			buildConfigurations = (
				5C02AF2D275F3268001808E3 /* Debug */,
				5C02AF2E275F3268001808E3 /* Release */,
			);
			defaultConfigurationIsVisible = 0;
			defaultConfigurationName = Release;
		};
		5C02AF2F275F3268001808E3 /* Build configuration list for PBXNativeTarget "PolysenseTests" */ = {
			isa = XCConfigurationList;
			buildConfigurations = (
				5C02AF30275F3268001808E3 /* Debug */,
				5C02AF31275F3268001808E3 /* Release */,
			);
			defaultConfigurationIsVisible = 0;
			defaultConfigurationName = Release;
		};
		5C02AF32275F3268001808E3 /* Build configuration list for PBXNativeTarget "PolysenseUITests" */ = {
			isa = XCConfigurationList;
			buildConfigurations = (
				5C02AF33275F3268001808E3 /* Debug */,
				5C02AF34275F3268001808E3 /* Release */,
			);
			defaultConfigurationIsVisible = 0;
			defaultConfigurationName = Release;
		};
/* End XCConfigurationList section */

/* Begin XCVersionGroup section */
		5C02AF35275F343E001808E3 /* UserMedia.xcdatamodeld */ = {
			isa = XCVersionGroup;
			children = (
				5C02AF36275F343E001808E3 /* UserMedia.xcdatamodel */,
			);
			currentVersion = 5C02AF36275F343E001808E3 /* UserMedia.xcdatamodel */;
			path = UserMedia.xcdatamodeld;
			sourceTree = "<group>";
			versionGroupType = wrapper.xcdatamodel;
		};
/* End XCVersionGroup section */
	};
	rootObject = 5C02AEFE275F3265001808E3 /* Project object */;
}
